
Microsoft Visual Studio Solution File, Format Version 11.00
# Visual Studio 2010
Project("{FAE04EC0-301F-11D3-BF4B-00C04F79EFBC}") = "JobManager", "JobManager\JobManager.csproj", "{6EAC7A9F-428E-4FB3-82BD-129229C0D252}"
EndProject
Global
	GlobalSection(SolutionConfigurationPlatforms) = preSolution
		Debug|Any CPU = Debug|Any CPU
		Release|Any CPU = Release|Any CPU
	EndGlobalSection
	GlobalSection(ProjectConfigurationPlatforms) = postSolution
		{6EAC7A9F-428E-4FB3-82BD-129229C0D252}.Debug|Any CPU.ActiveCfg = Debug|Any CPU
		{6EAC7A9F-428E-4FB3-82BD-129229C0D252}.Debug|Any CPU.Build.0 = Debug|Any CPU
		{6EAC7A9F-428E-4FB3-82BD-129229C0D252}.Release|Any CPU.ActiveCfg = Release|Any CPU
		{6EAC7A9F-428E-4FB3-82BD-129229C0D252}.Release|Any CPU.Build.0 = Release|Any CPU
	EndGlobalSection
	GlobalSection(SolutionProperties) = preSolution
		HideSolutionNode = FALSE
	EndGlobalSection
EndGlobal
